// !$*UTF8*$!
{
	archiveVersion = 1;
	classes = {
	};
	objectVersion = 77;
	objects = {

/* Begin PBXContainerItemProxy section */
		74C7F6B62D731A4D008F68AD /* PBXContainerItemProxy */ = {
			isa = PBXContainerItemProxy;
			containerPortal = 74C7F69B2D731A4C008F68AD /* Project object */;
			proxyType = 1;
			remoteGlobalIDString = 74C7F6A22D731A4C008F68AD;
			remoteInfo = "Finance Tracker";
		};
		74C7F6C02D731A4D008F68AD /* PBXContainerItemProxy */ = {
			isa = PBXContainerItemProxy;
			containerPortal = 74C7F69B2D731A4C008F68AD /* Project object */;
			proxyType = 1;
			remoteGlobalIDString = 74C7F6A22D731A4C008F68AD;
			remoteInfo = "Finance Tracker";
		};
/* End PBXContainerItemProxy section */

/* Begin PBXFileReference section */
		74C7F6A32D731A4C008F68AD /* Finance Tracker.app */ = {isa = PBXFileReference; explicitFileType = wrapper.application; includeInIndex = 0; path = "Finance Tracker.app"; sourceTree = BUILT_PRODUCTS_DIR; };
		74C7F6B52D731A4D008F68AD /* Finance TrackerTests.xctest */ = {isa = PBXFileReference; explicitFileType = wrapper.cfbundle; includeInIndex = 0; path = "Finance TrackerTests.xctest"; sourceTree = BUILT_PRODUCTS_DIR; };
		74C7F6BF2D731A4D008F68AD /* Finance TrackerUITests.xctest */ = {isa = PBXFileReference; explicitFileType = wrapper.cfbundle; includeInIndex = 0; path = "Finance TrackerUITests.xctest"; sourceTree = BUILT_PRODUCTS_DIR; };
/* End PBXFileReference section */

/* Begin PBXFileSystemSynchronizedRootGroup section */
		74C7F6A52D731A4C008F68AD /* Finance Tracker */ = {
			isa = PBXFileSystemSynchronizedRootGroup;
			path = "Finance Tracker";
			sourceTree = "<group>";
		};
		74C7F6B82D731A4D008F68AD /* Finance TrackerTests */ = {
			isa = PBXFileSystemSynchronizedRootGroup;
			path = "Finance TrackerTests";
			sourceTree = "<group>";
		};
		74C7F6C22D731A4D008F68AD /* Finance TrackerUITests */ = {
			isa = PBXFileSystemSynchronizedRootGroup;
			path = "Finance TrackerUITests";
			sourceTree = "<group>";
		};
/* End PBXFileSystemSynchronizedRootGroup section */

/* Begin PBXFrameworksBuildPhase section */
		74C7F6A02D731A4C008F68AD /* Frameworks */ = {
			isa = PBXFrameworksBuildPhase;
			buildActionMask = 2147483647;
			files = (
			);
			runOnlyForDeploymentPostprocessing = 0;
		};
		74C7F6B22D731A4D008F68AD /* Frameworks */ = {
			isa = PBXFrameworksBuildPhase;
			buildActionMask = 2147483647;
			files = (
			);
			runOnlyForDeploymentPostprocessing = 0;
		};
		74C7F6BC2D731A4D008F68AD /* Frameworks */ = {
			isa = PBXFrameworksBuildPhase;
			buildActionMask = 2147483647;
			files = (
			);
			runOnlyForDeploymentPostprocessing = 0;
		};
/* End PBXFrameworksBuildPhase section */

/* Begin PBXGroup section */
		74C7F69A2D731A4C008F68AD = {
			isa = PBXGroup;
			children = (
				74C7F6A52D731A4C008F68AD /* Finance Tracker */,
				74C7F6B82D731A4D008F68AD /* Finance TrackerTests */,
				74C7F6C22D731A4D008F68AD /* Finance TrackerUITests */,
				74C7F6A42D731A4C008F68AD /* Products */,
			);
			sourceTree = "<group>";
		};
		74C7F6A42D731A4C008F68AD /* Products */ = {
			isa = PBXGroup;
			children = (
				74C7F6A32D731A4C008F68AD /* Finance Tracker.app */,
				74C7F6B52D731A4D008F68AD /* Finance TrackerTests.xctest */,
				74C7F6BF2D731A4D008F68AD /* Finance TrackerUITests.xctest */,
			);
			name = Products;
			sourceTree = "<group>";
		};
/* End PBXGroup section */

/* Begin PBXNativeTarget section */
		74C7F6A22D731A4C008F68AD /* Finance Tracker */ = {
			isa = PBXNativeTarget;
			buildConfigurationList = 74C7F6C92D731A4D008F68AD /* Build configuration list for PBXNativeTarget "Finance Tracker" */;
			buildPhases = (
				74C7F69F2D731A4C008F68AD /* Sources */,
				74C7F6A02D731A4C008F68AD /* Frameworks */,
				74C7F6A12D731A4C008F68AD /* Resources */,
			);
			buildRules = (
			);
			dependencies = (
			);
			fileSystemSynchronizedGroups = (
				74C7F6A52D731A4C008F68AD /* Finance Tracker */,
			);
			name = "Finance Tracker";
			packageProductDependencies = (
			);
			productName = "Finance Tracker";
			productReference = 74C7F6A32D731A4C008F68AD /* Finance Tracker.app */;
			productType = "com.apple.product-type.application";
		};
		74C7F6B42D731A4D008F68AD /* Finance TrackerTests */ = {
			isa = PBXNativeTarget;
			buildConfigurationList = 74C7F6CC2D731A4D008F68AD /* Build configuration list for PBXNativeTarget "Finance TrackerTests" */;
			buildPhases = (
				74C7F6B12D731A4D008F68AD /* Sources */,
				74C7F6B22D731A4D008F68AD /* Frameworks */,
				74C7F6B32D731A4D008F68AD /* Resources */,
			);
			buildRules = (
			);
			dependencies = (
				74C7F6B72D731A4D008F68AD /* PBXTargetDependency */,
			);
			fileSystemSynchronizedGroups = (
				74C7F6B82D731A4D008F68AD /* Finance TrackerTests */,
			);
			name = "Finance TrackerTests";
			packageProductDependencies = (
			);
			productName = "Finance TrackerTests";
			productReference = 74C7F6B52D731A4D008F68AD /* Finance TrackerTests.xctest */;
			productType = "com.apple.product-type.bundle.unit-test";
		};
		74C7F6BE2D731A4D008F68AD /* Finance TrackerUITests */ = {
			isa = PBXNativeTarget;
			buildConfigurationList = 74C7F6CF2D731A4D008F68AD /* Build configuration list for PBXNativeTarget "Finance TrackerUITests" */;
			buildPhases = (
				74C7F6BB2D731A4D008F68AD /* Sources */,
				74C7F6BC2D731A4D008F68AD /* Frameworks */,
				74C7F6BD2D731A4D008F68AD /* Resources */,
			);
			buildRules = (
			);
			dependencies = (
				74C7F6C12D731A4D008F68AD /* PBXTargetDependency */,
			);
			fileSystemSynchronizedGroups = (
				74C7F6C22D731A4D008F68AD /* Finance TrackerUITests */,
			);
			name = "Finance TrackerUITests";
			packageProductDependencies = (
			);
			productName = "Finance TrackerUITests";
			productReference = 74C7F6BF2D731A4D008F68AD /* Finance TrackerUITests.xctest */;
			productType = "com.apple.product-type.bundle.ui-testing";
		};
/* End PBXNativeTarget section */

/* Begin PBXProject section */
		74C7F69B2D731A4C008F68AD /* Project object */ = {
			isa = PBXProject;
			attributes = {
				BuildIndependentTargetsInParallel = 1;
				LastSwiftUpdateCheck = 1620;
				LastUpgradeCheck = 1620;
				TargetAttributes = {
					74C7F6A22D731A4C008F68AD = {
						CreatedOnToolsVersion = 16.2;
					};
					74C7F6B42D731A4D008F68AD = {
						CreatedOnToolsVersion = 16.2;
						TestTargetID = 74C7F6A22D731A4C008F68AD;
					};
					74C7F6BE2D731A4D008F68AD = {
						CreatedOnToolsVersion = 16.2;
						TestTargetID = 74C7F6A22D731A4C008F68AD;
					};
				};
			};
			buildConfigurationList = 74C7F69E2D731A4C008F68AD /* Build configuration list for PBXProject "Finance Tracker" */;
			developmentRegion = en;
			hasScannedForEncodings = 0;
			knownRegions = (
				en,
				Base,
			);
			mainGroup = 74C7F69A2D731A4C008F68AD;
			minimizedProjectReferenceProxies = 1;
			preferredProjectObjectVersion = 77;
			productRefGroup = 74C7F6A42D731A4C008F68AD /* Products */;
			projectDirPath = "";
			projectRoot = "";
			targets = (
				74C7F6A22D731A4C008F68AD /* Finance Tracker */,
				74C7F6B42D731A4D008F68AD /* Finance TrackerTests */,
				74C7F6BE2D731A4D008F68AD /* Finance TrackerUITests */,
			);
		};
/* End PBXProject section */

/* Begin PBXResourcesBuildPhase section */
		74C7F6A12D731A4C008F68AD /* Resources */ = {
			isa = PBXResourcesBuildPhase;
			buildActionMask = 2147483647;
			files = (
			);
			runOnlyForDeploymentPostprocessing = 0;
		};
		74C7F6B32D731A4D008F68AD /* Resources */ = {
			isa = PBXResourcesBuildPhase;
			buildActionMask = 2147483647;
			files = (
			);
			runOnlyForDeploymentPostprocessing = 0;
		};
		74C7F6BD2D731A4D008F68AD /* Resources */ = {
			isa = PBXResourcesBuildPhase;
			buildActionMask = 2147483647;
			files = (
			);
			runOnlyForDeploymentPostprocessing = 0;
		};
/* End PBXResourcesBuildPhase section */

/* Begin PBXSourcesBuildPhase section */
		74C7F69F2D731A4C008F68AD /* Sources */ = {
			isa = PBXSourcesBuildPhase;
			buildActionMask = 2147483647;
			files = (
			);
			runOnlyForDeploymentPostprocessing = 0;
		};
		74C7F6B12D731A4D008F68AD /* Sources */ = {
			isa = PBXSourcesBuildPhase;
			buildActionMask = 2147483647;
			files = (
			);
			runOnlyForDeploymentPostprocessing = 0;
		};
		74C7F6BB2D731A4D008F68AD /* Sources */ = {
			isa = PBXSourcesBuildPhase;
			buildActionMask = 2147483647;
			files = (
			);
			runOnlyForDeploymentPostprocessing = 0;
		};
/* End PBXSourcesBuildPhase section */

/* Begin PBXTargetDependency section */
		74C7F6B72D731A4D008F68AD /* PBXTargetDependency */ = {
			isa = PBXTargetDependency;
			target = 74C7F6A22D731A4C008F68AD /* Finance Tracker */;
			targetProxy = 74C7F6B62D731A4D008F68AD /* PBXContainerItemProxy */;
		};
		74C7F6C12D731A4D008F68AD /* PBXTargetDependency */ = {
			isa = PBXTargetDependency;
			target = 74C7F6A22D731A4C008F68AD /* Finance Tracker */;
			targetProxy = 74C7F6C02D731A4D008F68AD /* PBXContainerItemProxy */;
		};
/* End PBXTargetDependency section */

/* Begin XCBuildConfiguration section */
		74C7F6C72D731A4D008F68AD /* Debug */ = {
			isa = XCBuildConfiguration;
			buildSettings = {
				ALWAYS_SEARCH_USER_PATHS = NO;
				ASSETCATALOG_COMPILER_GENERATE_SWIFT_ASSET_SYMBOL_EXTENSIONS = YES;
				CLANG_ANALYZER_NONNULL = YES;
				CLANG_ANALYZER_NUMBER_OBJECT_CONVERSION = YES_AGGRESSIVE;
				CLANG_CXX_LANGUAGE_STANDARD = "gnu++20";
				CLANG_ENABLE_MODULES = YES;
				CLANG_ENABLE_OBJC_ARC = YES;
				CLANG_ENABLE_OBJC_WEAK = YES;
				CLANG_WARN_BLOCK_CAPTURE_AUTORELEASING = YES;
				CLANG_WARN_BOOL_CONVERSION = YES;
				CLANG_WARN_COMMA = YES;
				CLANG_WARN_CONSTANT_CONVERSION = YES;
				CLANG_WARN_DEPRECATED_OBJC_IMPLEMENTATIONS = YES;
				CLANG_WARN_DIRECT_OBJC_ISA_USAGE = YES_ERROR;
				CLANG_WARN_DOCUMENTATION_COMMENTS = YES;
				CLANG_WARN_EMPTY_BODY = YES;
				CLANG_WARN_ENUM_CONVERSION = YES;
				CLANG_WARN_INFINITE_RECURSION = YES;
				CLANG_WARN_INT_CONVERSION = YES;
				CLANG_WARN_NON_LITERAL_NULL_CONVERSION = YES;
				CLANG_WARN_OBJC_IMPLICIT_RETAIN_SELF = YES;
				CLANG_WARN_OBJC_LITERAL_CONVERSION = YES;
				CLANG_WARN_OBJC_ROOT_CLASS = YES_ERROR;
				CLANG_WARN_QUOTED_INCLUDE_IN_FRAMEWORK_HEADER = YES;
				CLANG_WARN_RANGE_LOOP_ANALYSIS = YES;
				CLANG_WARN_STRICT_PROTOTYPES = YES;
				CLANG_WARN_SUSPICIOUS_MOVE = YES;
				CLANG_WARN_UNGUARDED_AVAILABILITY = YES_AGGRESSIVE;
				CLANG_WARN_UNREACHABLE_CODE = YES;
				CLANG_WARN__DUPLICATE_METHOD_MATCH = YES;
				COPY_PHASE_STRIP = NO;
				DEBUG_INFORMATION_FORMAT = dwarf;
				ENABLE_STRICT_OBJC_MSGSEND = YES;
				ENABLE_TESTABILITY = YES;
				ENABLE_USER_SCRIPT_SANDBOXING = YES;
				GCC_C_LANGUAGE_STANDARD = gnu17;
				GCC_DYNAMIC_NO_PIC = NO;
				GCC_NO_COMMON_BLOCKS = YES;
				GCC_OPTIMIZATION_LEVEL = 0;
				GCC_PREPROCESSOR_DEFINITIONS = (
					"DEBUG=1",
					"$(inherited)",
				);
				GCC_WARN_64_TO_32_BIT_CONVERSION = YES;
				GCC_WARN_ABOUT_RETURN_TYPE = YES_ERROR;
				GCC_WARN_UNDECLARED_SELECTOR = YES;
				GCC_WARN_UNINITIALIZED_AUTOS = YES_AGGRESSIVE;
				GCC_WARN_UNUSED_FUNCTION = YES;
				GCC_WARN_UNUSED_VARIABLE = YES;
				IPHONEOS_DEPLOYMENT_TARGET = 18.2;
				LOCALIZATION_PREFERS_STRING_CATALOGS = YES;
				MTL_ENABLE_DEBUG_INFO = INCLUDE_SOURCE;
				MTL_FAST_MATH = YES;
				ONLY_ACTIVE_ARCH = YES;
				SDKROOT = iphoneos;
				SWIFT_ACTIVE_COMPILATION_CONDITIONS = "DEBUG $(inherited)";
				SWIFT_OPTIMIZATION_LEVEL = "-Onone";
			};
			name = Debug;
		};
		74C7F6C82D731A4D008F68AD /* Release */ = {
			isa = XCBuildConfiguration;
			buildSettings = {
				ALWAYS_SEARCH_USER_PATHS = NO;
				ASSETCATALOG_COMPILER_GENERATE_SWIFT_ASSET_SYMBOL_EXTENSIONS = YES;
				CLANG_ANALYZER_NONNULL = YES;
				CLANG_ANALYZER_NUMBER_OBJECT_CONVERSION = YES_AGGRESSIVE;
				CLANG_CXX_LANGUAGE_STANDARD = "gnu++20";
				CLANG_ENABLE_MODULES = YES;
				CLANG_ENABLE_OBJC_ARC = YES;
				CLANG_ENABLE_OBJC_WEAK = YES;
				CLANG_WARN_BLOCK_CAPTURE_AUTORELEASING = YES;
				CLANG_WARN_BOOL_CONVERSION = YES;
				CLANG_WARN_COMMA = YES;
				CLANG_WARN_CONSTANT_CONVERSION = YES;
				CLANG_WARN_DEPRECATED_OBJC_IMPLEMENTATIONS = YES;
				CLANG_WARN_DIRECT_OBJC_ISA_USAGE = YES_ERROR;
				CLANG_WARN_DOCUMENTATION_COMMENTS = YES;
				CLANG_WARN_EMPTY_BODY = YES;
				CLANG_WARN_ENUM_CONVERSION = YES;
				CLANG_WARN_INFINITE_RECURSION = YES;
				CLANG_WARN_INT_CONVERSION = YES;
				CLANG_WARN_NON_LITERAL_NULL_CONVERSION = YES;
				CLANG_WARN_OBJC_IMPLICIT_RETAIN_SELF = YES;
				CLANG_WARN_OBJC_LITERAL_CONVERSION = YES;
				CLANG_WARN_OBJC_ROOT_CLASS = YES_ERROR;
				CLANG_WARN_QUOTED_INCLUDE_IN_FRAMEWORK_HEADER = YES;
				CLANG_WARN_RANGE_LOOP_ANALYSIS = YES;
				CLANG_WARN_STRICT_PROTOTYPES = YES;
				CLANG_WARN_SUSPICIOUS_MOVE = YES;
				CLANG_WARN_UNGUARDED_AVAILABILITY = YES_AGGRESSIVE;
				CLANG_WARN_UNREACHABLE_CODE = YES;
				CLANG_WARN__DUPLICATE_METHOD_MATCH = YES;
				COPY_PHASE_STRIP = NO;
				DEBUG_INFORMATION_FORMAT = "dwarf-with-dsym";
				ENABLE_NS_ASSERTIONS = NO;
				ENABLE_STRICT_OBJC_MSGSEND = YES;
				ENABLE_USER_SCRIPT_SANDBOXING = YES;
				GCC_C_LANGUAGE_STANDARD = gnu17;
				GCC_NO_COMMON_BLOCKS = YES;
				GCC_WARN_64_TO_32_BIT_CONVERSION = YES;
				GCC_WARN_ABOUT_RETURN_TYPE = YES_ERROR;
				GCC_WARN_UNDECLARED_SELECTOR = YES;
				GCC_WARN_UNINITIALIZED_AUTOS = YES_AGGRESSIVE;
				GCC_WARN_UNUSED_FUNCTION = YES;
				GCC_WARN_UNUSED_VARIABLE = YES;
				IPHONEOS_DEPLOYMENT_TARGET = 18.2;
				LOCALIZATION_PREFERS_STRING_CATALOGS = YES;
				MTL_ENABLE_DEBUG_INFO = NO;
				MTL_FAST_MATH = YES;
				SDKROOT = iphoneos;
				SWIFT_COMPILATION_MODE = wholemodule;
				VALIDATE_PRODUCT = YES;
			};
			name = Release;
		};
		74C7F6CA2D731A4D008F68AD /* Debug */ = {
			isa = XCBuildConfiguration;
			buildSettings = {
				ASSETCATALOG_COMPILER_APPICON_NAME = AppIcon;
				ASSETCATALOG_COMPILER_GLOBAL_ACCENT_COLOR_NAME = AccentColor;
				CODE_SIGN_STYLE = Automatic;
				CURRENT_PROJECT_VERSION = 1;
				DEVELOPMENT_ASSET_PATHS = "\"Finance Tracker/Preview Content\"";
				DEVELOPMENT_TEAM = B4CWAXWYU2;
				ENABLE_PREVIEWS = YES;
				GENERATE_INFOPLIST_FILE = YES;
				INFOPLIST_KEY_UIApplicationSceneManifest_Generation = YES;
				INFOPLIST_KEY_UIApplicationSupportsIndirectInputEvents = YES;
				INFOPLIST_KEY_UILaunchScreen_Generation = YES;
				INFOPLIST_KEY_UISupportedInterfaceOrientations_iPad = "UIInterfaceOrientationPortrait UIInterfaceOrientationPortraitUpsideDown UIInterfaceOrientationLandscapeLeft UIInterfaceOrientationLandscapeRight";
				INFOPLIST_KEY_UISupportedInterfaceOrientations_iPhone = "UIInterfaceOrientationPortrait UIInterfaceOrientationLandscapeLeft UIInterfaceOrientationLandscapeRight";
				LD_RUNPATH_SEARCH_PATHS = (
					"$(inherited)",
					"@executable_path/Frameworks",
				);
				MARKETING_VERSION = 1.0;
				PRODUCT_BUNDLE_IDENTIFIER = "com.yatoenough.Finance-Tracker";
				PRODUCT_NAME = "$(TARGET_NAME)";
				SWIFT_EMIT_LOC_STRINGS = YES;
				SWIFT_VERSION = 5.0;
				TARGETED_DEVICE_FAMILY = "1,2";
			};
			name = Debug;
		};
		74C7F6CB2D731A4D008F68AD /* Release */ = {
			isa = XCBuildConfiguration;
			buildSettings = {
				ASSETCATALOG_COMPILER_APPICON_NAME = AppIcon;
				ASSETCATALOG_COMPILER_GLOBAL_ACCENT_COLOR_NAME = AccentColor;
				CODE_SIGN_STYLE = Automatic;
				CURRENT_PROJECT_VERSION = 1;
				DEVELOPMENT_ASSET_PATHS = "\"Finance Tracker/Preview Content\"";
				DEVELOPMENT_TEAM = B4CWAXWYU2;
				ENABLE_PREVIEWS = YES;
				GENERATE_INFOPLIST_FILE = YES;
				INFOPLIST_KEY_UIApplicationSceneManifest_Generation = YES;
				INFOPLIST_KEY_UIApplicationSupportsIndirectInputEvents = YES;
				INFOPLIST_KEY_UILaunchScreen_Generation = YES;
				INFOPLIST_KEY_UISupportedInterfaceOrientations_iPad = "UIInterfaceOrientationPortrait UIInterfaceOrientationPortraitUpsideDown UIInterfaceOrientationLandscapeLeft UIInterfaceOrientationLandscapeRight";
				INFOPLIST_KEY_UISupportedInterfaceOrientations_iPhone = "UIInterfaceOrientationPortrait UIInterfaceOrientationLandscapeLeft UIInterfaceOrientationLandscapeRight";
				LD_RUNPATH_SEARCH_PATHS = (
					"$(inherited)",
					"@executable_path/Frameworks",
				);
				MARKETING_VERSION = 1.0;
				PRODUCT_BUNDLE_IDENTIFIER = "com.yatoenough.Finance-Tracker";
				PRODUCT_NAME = "$(TARGET_NAME)";
				SWIFT_EMIT_LOC_STRINGS = YES;
				SWIFT_VERSION = 5.0;
				TARGETED_DEVICE_FAMILY = "1,2";
			};
			name = Release;
		};
		74C7F6CD2D731A4D008F68AD /* Debug */ = {
			isa = XCBuildConfiguration;
			buildSettings = {
				BUNDLE_LOADER = "$(TEST_HOST)";
				CODE_SIGN_STYLE = Automatic;
				CURRENT_PROJECT_VERSION = 1;
				DEVELOPMENT_TEAM = B4CWAXWYU2;
				GENERATE_INFOPLIST_FILE = YES;
				IPHONEOS_DEPLOYMENT_TARGET = 18.2;
				MARKETING_VERSION = 1.0;
				PRODUCT_BUNDLE_IDENTIFIER = "com.yatoenough.Finance-TrackerTests";
				PRODUCT_NAME = "$(TARGET_NAME)";
				SWIFT_EMIT_LOC_STRINGS = NO;
				SWIFT_VERSION = 5.0;
				TARGETED_DEVICE_FAMILY = "1,2";
				TEST_HOST = "$(BUILT_PRODUCTS_DIR)/Finance Tracker.app/$(BUNDLE_EXECUTABLE_FOLDER_PATH)/Finance Tracker";
			};
			name = Debug;
		};
		74C7F6CE2D731A4D008F68AD /* Release */ = {
			isa = XCBuildConfiguration;
			buildSettings = {
				BUNDLE_LOADER = "$(TEST_HOST)";
				CODE_SIGN_STYLE = Automatic;
				CURRENT_PROJECT_VERSION = 1;
				DEVELOPMENT_TEAM = B4CWAXWYU2;
				GENERATE_INFOPLIST_FILE = YES;
				IPHONEOS_DEPLOYMENT_TARGET = 18.2;
				MARKETING_VERSION = 1.0;
				PRODUCT_BUNDLE_IDENTIFIER = "com.yatoenough.Finance-TrackerTests";
				PRODUCT_NAME = "$(TARGET_NAME)";
				SWIFT_EMIT_LOC_STRINGS = NO;
				SWIFT_VERSION = 5.0;
				TARGETED_DEVICE_FAMILY = "1,2";
				TEST_HOST = "$(BUILT_PRODUCTS_DIR)/Finance Tracker.app/$(BUNDLE_EXECUTABLE_FOLDER_PATH)/Finance Tracker";
			};
			name = Release;
		};
		74C7F6D02D731A4D008F68AD /* Debug */ = {
			isa = XCBuildConfiguration;
			buildSettings = {
				CODE_SIGN_STYLE = Automatic;
				CURRENT_PROJECT_VERSION = 1;
				DEVELOPMENT_TEAM = B4CWAXWYU2;
				GENERATE_INFOPLIST_FILE = YES;
				MARKETING_VERSION = 1.0;
				PRODUCT_BUNDLE_IDENTIFIER = "com.yatoenough.Finance-TrackerUITests";
				PRODUCT_NAME = "$(TARGET_NAME)";
				SWIFT_EMIT_LOC_STRINGS = NO;
				SWIFT_VERSION = 5.0;
				TARGETED_DEVICE_FAMILY = "1,2";
				TEST_TARGET_NAME = "Finance Tracker";
			};
			name = Debug;
		};
		74C7F6D12D731A4D008F68AD /* Release */ = {
			isa = XCBuildConfiguration;
			buildSettings = {
				CODE_SIGN_STYLE = Automatic;
				CURRENT_PROJECT_VERSION = 1;
				DEVELOPMENT_TEAM = B4CWAXWYU2;
				GENERATE_INFOPLIST_FILE = YES;
				MARKETING_VERSION = 1.0;
				PRODUCT_BUNDLE_IDENTIFIER = "com.yatoenough.Finance-TrackerUITests";
				PRODUCT_NAME = "$(TARGET_NAME)";
				SWIFT_EMIT_LOC_STRINGS = NO;
				SWIFT_VERSION = 5.0;
				TARGETED_DEVICE_FAMILY = "1,2";
				TEST_TARGET_NAME = "Finance Tracker";
			};
			name = Release;
		};
/* End XCBuildConfiguration section */

/* Begin XCConfigurationList section */
		74C7F69E2D731A4C008F68AD /* Build configuration list for PBXProject "Finance Tracker" */ = {
			isa = XCConfigurationList;
			buildConfigurations = (
				74C7F6C72D731A4D008F68AD /* Debug */,
				74C7F6C82D731A4D008F68AD /* Release */,
			);
			defaultConfigurationIsVisible = 0;
			defaultConfigurationName = Release;
		};
		74C7F6C92D731A4D008F68AD /* Build configuration list for PBXNativeTarget "Finance Tracker" */ = {
			isa = XCConfigurationList;
			buildConfigurations = (
				74C7F6CA2D731A4D008F68AD /* Debug */,
				74C7F6CB2D731A4D008F68AD /* Release */,
			);
			defaultConfigurationIsVisible = 0;
			defaultConfigurationName = Release;
		};
		74C7F6CC2D731A4D008F68AD /* Build configuration list for PBXNativeTarget "Finance TrackerTests" */ = {
			isa = XCConfigurationList;
			buildConfigurations = (
				74C7F6CD2D731A4D008F68AD /* Debug */,
				74C7F6CE2D731A4D008F68AD /* Release */,
			);
			defaultConfigurationIsVisible = 0;
			defaultConfigurationName = Release;
		};
		74C7F6CF2D731A4D008F68AD /* Build configuration list for PBXNativeTarget "Finance TrackerUITests" */ = {
			isa = XCConfigurationList;
			buildConfigurations = (
				74C7F6D02D731A4D008F68AD /* Debug */,
				74C7F6D12D731A4D008F68AD /* Release */,
			);
			defaultConfigurationIsVisible = 0;
			defaultConfigurationName = Release;
		};
/* End XCConfigurationList section */
	};
	rootObject = 74C7F69B2D731A4C008F68AD /* Project object */;
}
